lockfileVersion: '6.0'

settings:
  autoInstallPeers: true
  excludeLinksFromLockfile: false

dependencies:
  cli-color:
    specifier: ^2.0.4
    version: 2.0.4
  dotenv:
    specifier: ^16.4.5
    version: 16.4.5
  ftp-srv:
    specifier: ^4.6.3
    version: 4.6.3
  uuid:
    specifier: 9.0.1
    version: 9.0.1

packages:

  /ansi-regex@5.0.1:
    resolution: {integrity: sha512-quJQXlTSUGL2LH9SUXo8VwsY4soanhgo6LNSm84E1LBcE8s3O0wpdiRzyR9z/ZZJMlMWv37qOOb9pdJlMUEKFQ==}
    engines: {node: '>=8'}
    dev: false

  /ansi-styles@4.3.0:
    resolution: {integrity: sha512-zbB9rCJAT1rbjiVDb2hqKFHNYLxgtk8NURxZ3IZwD3F6NtxbXZQCnnSi1Lkx+IDohdPlFp222wVALIheZJQSEg==}
    engines: {node: '>=8'}
    dependencies:
      color-convert: 2.0.1
    dev: false

  /balanced-match@1.0.2:
    resolution: {integrity: sha512-3oSeUO0TMV67hN1AmbXsK4yaqU7tjiHlbxRDZOpH0KW9+CeX4bRAaX0Anxt0tx2MrpRpWwQaPwIlISEJhYU5Pw==}
    requiresBuild: true
    dev: false
    optional: true

  /bluebird@3.7.2:
    resolution: {integrity: sha512-XpNj6GDQzdfW+r2Wnn7xiSAd7TM3jzkxGXBGTtWKuSXv1xUV+azxAm8jdWZN06QTQk+2N2XB9jRDkvbmQmcRtg==}
    dev: false

  /brace-expansion@1.1.11:
    resolution: {integrity: sha512-iCuPHDFgrHX7H2vEI/5xpz07zSHB00TpugqhmYtVmMO6518mCuRMoOYFldEBl0g187ufozdaHgWKcYFb61qGiA==}
    requiresBuild: true
    dependencies:
      balanced-match: 1.0.2
      concat-map: 0.0.1
    dev: false
    optional: true

  /bunyan@1.8.15:
    resolution: {integrity: sha512-0tECWShh6wUysgucJcBAoYegf3JJoZWibxdqhTm7OHPeT42qdjkZ29QCMcKwbgU1kiH+auSIasNRXMLWXafXig==}
    engines: {'0': node >=0.10.0}
    hasBin: true
    optionalDependencies:
      dtrace-provider: 0.8.8
      moment: 2.29.4
      mv: 2.1.1
      safe-json-stringify: 1.2.0
    dev: false

  /camelcase@5.3.1:
    resolution: {integrity: sha512-L28STB170nwWS63UjtlEOE3dldQApaJXZkOI1uMFfzf3rRuPegHaHesyee+YxQ+W6SvRDQV6UrdOdRiR153wJg==}
    engines: {node: '>=6'}
    dev: false

  /cli-color@2.0.4:
    resolution: {integrity: sha512-zlnpg0jNcibNrO7GG9IeHH7maWFeCz+Ja1wx/7tZNU5ASSSSZ+/qZciM0/LHCYxSdqv5h2sdbQ/PXYdOuetXvA==}
    engines: {node: '>=0.10'}
    dependencies:
      d: 1.0.1
      es5-ext: 0.10.64
      es6-iterator: 2.0.3
      memoizee: 0.4.15
      timers-ext: 0.1.7
    dev: false

  /cliui@6.0.0:
    resolution: {integrity: sha512-t6wbgtoCXvAzst7QgXxJYqPt0usEfbgQdftEPbLL/cvv6HPE5VgvqCuAIDR0NgU52ds6rFwqrgakNLrHEjCbrQ==}
    dependencies:
      string-width: 4.2.3
      strip-ansi: 6.0.1
      wrap-ansi: 6.2.0
    dev: false

  /color-convert@2.0.1:
    resolution: {integrity: sha512-RRECPsj7iu/xb5oKYcsFHSppFNnsj/52OVTRKb4zP5onXwVF3zVmmToNcOfGC+CRDpfK/U584fMg38ZHCaElKQ==}
    engines: {node: '>=7.0.0'}
    dependencies:
      color-name: 1.1.4
    dev: false

  /color-name@1.1.4:
    resolution: {integrity: sha512-dOy+3AuW3a2wNbZHIuMZpTcgjGuLU/uBL/ubcZF9OXbDo8ff4O8yVp5Bf0efS8uEoYo5q4Fx7dY9OgQGXgAsQA==}
    dev: false

  /concat-map@0.0.1:
    resolution: {integrity: sha512-/Srv4dswyQNBfohGpz9o6Yb3Gz3SrUDqBH5rTuhGR7ahtlbYKnVxw2bCFMRljaA7EXHaXZ8wsHdodFvbkhKmqg==}
    requiresBuild: true
    dev: false
    optional: true

  /d@1.0.1:
    resolution: {integrity: sha512-m62ShEObQ39CfralilEQRjH6oAMtNCV1xJyEx5LpRYUVN+EviphDgUc/F3hnYbADmkiNs67Y+3ylmlG7Lnu+FA==}
    dependencies:
      es5-ext: 0.10.64
      type: 1.2.0
    dev: false

  /decamelize@1.2.0:
    resolution: {integrity: sha512-z2S+W9X73hAUUki+N+9Za2lBlun89zigOyGrsax+KUQ6wKW4ZoWpEYBkGhQjwAjjDCkWxhY0VKEhk8wzY7F5cA==}
    engines: {node: '>=0.10.0'}
    dev: false

  /dotenv@16.4.5:
    resolution: {integrity: sha512-ZmdL2rui+eB2YwhsWzjInR8LldtZHGDoQ1ugH85ppHKwpUHL7j7rN0Ti9NCnGiQbhaZ11FpR+7ao1dNsmduNUg==}
    engines: {node: '>=12'}
    dev: false

  /dtrace-provider@0.8.8:
    resolution: {integrity: sha512-b7Z7cNtHPhH9EJhNNbbeqTcXB8LGFFZhq1PGgEvpeHlzd36bhbdTWoE/Ba/YguqpBSlAPKnARWhVlhunCMwfxg==}
    engines: {node: '>=0.10'}
    requiresBuild: true
    dependencies:
      nan: 2.17.0
    dev: false
    optional: true

  /emoji-regex@8.0.0:
    resolution: {integrity: sha512-MSjYzcWNOA0ewAHpz0MxpYFvwg6yjy1NG3xteoqz644VCo/RPgnr1/GGt+ic3iJTzQ8Eu3TdM14SawnVUmGE6A==}
    dev: false

  /es5-ext@0.10.64:
    resolution: {integrity: sha512-p2snDhiLaXe6dahss1LddxqEm+SkuDvV8dnIQG0MWjyHpcMNfXKPE+/Cc0y+PhxJX3A4xGNeFCj5oc0BUh6deg==}
    engines: {node: '>=0.10'}
    requiresBuild: true
    dependencies:
      es6-iterator: 2.0.3
      es6-symbol: 3.1.3
      esniff: 2.0.1
      next-tick: 1.1.0
    dev: false

  /es6-iterator@2.0.3:
    resolution: {integrity: sha512-zw4SRzoUkd+cl+ZoE15A9o1oQd920Bb0iOJMQkQhl3jNc03YqVjAhG7scf9C5KWRU/R13Orf588uCC6525o02g==}
    dependencies:
      d: 1.0.1
      es5-ext: 0.10.64
      es6-symbol: 3.1.3
    dev: false

  /es6-symbol@3.1.3:
    resolution: {integrity: sha512-NJ6Yn3FuDinBaBRWl/q5X/s4koRHBrgKAu+yGI6JCBeiu3qrcbJhwT2GeR/EXVfylRk8dpQVJoLEFhK+Mu31NA==}
    dependencies:
      d: 1.0.1
      ext: 1.7.0
    dev: false

  /es6-weak-map@2.0.3:
    resolution: {integrity: sha512-p5um32HOTO1kP+w7PRnB+5lQ43Z6muuMuIMffvDN8ZB4GcnjLBV6zGStpbASIMk4DCAvEaamhe2zhyCb/QXXsA==}
    dependencies:
      d: 1.0.1
      es5-ext: 0.10.64
      es6-iterator: 2.0.3
      es6-symbol: 3.1.3
    dev: false

  /esniff@2.0.1:
    resolution: {integrity: sha512-kTUIGKQ/mDPFoJ0oVfcmyJn4iBDRptjNVIzwIFR7tqWXdVI9xfA2RMwY/gbSpJG3lkdWNEjLap/NqVHZiJsdfg==}
    engines: {node: '>=0.10'}
    dependencies:
      d: 1.0.1
      es5-ext: 0.10.64
      event-emitter: 0.3.5
      type: 2.7.2
    dev: false

  /event-emitter@0.3.5:
    resolution: {integrity: sha512-D9rRn9y7kLPnJ+hMq7S/nhvoKwwvVJahBi2BPmx3bvbsEdK3W9ii8cBSGjP+72/LnM4n6fo3+dkCX5FeTQruXA==}
    dependencies:
      d: 1.0.1
      es5-ext: 0.10.64
    dev: false

  /ext@1.7.0:
    resolution: {integrity: sha512-6hxeJYaL110a9b5TEJSj0gojyHQAmA2ch5Os+ySCiA1QGdS697XWY1pzsrSjqA9LDEEgdB/KypIlR59RcLuHYw==}
    dependencies:
      type: 2.7.2
    dev: false

  /find-up@4.1.0:
    resolution: {integrity: sha512-PpOwAdQ/YlXQ2vj8a3h8IipDuYRi3wceVQQGYWxNINccq40Anw7BlsEXCMbt1Zt+OLA6Fq9suIpIWD0OsnISlw==}
    engines: {node: '>=8'}
    dependencies:
      locate-path: 5.0.0
      path-exists: 4.0.0
    dev: false

  /ftp-srv@4.6.3:
    resolution: {integrity: sha512-k9q06Ab04CwY7n9HL5H5Zn+/ccohUUH8K2UjQ6dnAlE3NIFdqFI8Paanq+WFbfawZXeK29vP0zgZWfr28N33dw==}
    engines: {node: '>=12'}
    hasBin: true
    dependencies:
      bluebird: 3.7.2
      bunyan: 1.8.15
      ip: 1.1.9
      lodash: 4.17.21
      moment: 2.29.4
      uuid: 3.4.0
      yargs: 15.4.1
    dev: false

  /get-caller-file@2.0.5:
    resolution: {integrity: sha512-DyFP3BM/3YHTQOCUL/w0OZHR0lpKeGrxotcHWcqNEdnltqFwXVfhEBQ94eIo34AfQpo0rGki4cyIiftY06h2Fg==}
    engines: {node: 6.* || 8.* || >= 10.*}
    dev: false

  /glob@6.0.4:
    resolution: {integrity: sha512-MKZeRNyYZAVVVG1oZeLaWie1uweH40m9AZwIwxyPbTSX4hHrVYSzLg0Ro5Z5R7XKkIX+Cc6oD1rqeDJnwsB8/A==}
    requiresBuild: true
    dependencies:
      inflight: 1.0.6
      inherits: 2.0.4
      minimatch: 3.1.2
      once: 1.4.0
      path-is-absolute: 1.0.1
    dev: false
    optional: true

  /inflight@1.0.6:
    resolution: {integrity: sha512-k92I/b08q4wvFscXCLvqfsHCrjrF7yiXsQuIVvVE7N82W3+aqpzuUdBbfhWcy/FZR3/4IgflMgKLOsvPDrGCJA==}
    requiresBuild: true
    dependencies:
      once: 1.4.0
      wrappy: 1.0.2
    dev: false
    optional: true

  /inherits@2.0.4:
    resolution: {integrity: sha512-k/vGaX4/Yla3WzyMCvTQOXYeIHvqOKtnqBduzTHpzpQZzAskKMhZ2K+EnBiSM9zGSoIFeMpXKxa4dYeZIQqewQ==}
    requiresBuild: true
    dev: false
    optional: true

  /ip@1.1.9:
    resolution: {integrity: sha512-cyRxvOEpNHNtchU3Ln9KC/auJgup87llfQpQ+t5ghoC/UhL16SWzbueiCsdTnWmqAWl7LadfuwhlqmtOaqMHdQ==}
    dev: false

  /is-fullwidth-code-point@3.0.0:
    resolution: {integrity: sha512-zymm5+u+sCsSWyD9qNaejV3DFvhCKclKdizYaJUuHA83RLjb7nSuGnddCHGv0hk+KY7BMAlsWeK4Ueg6EV6XQg==}
    engines: {node: '>=8'}
    dev: false

  /is-promise@2.2.2:
    resolution: {integrity: sha512-+lP4/6lKUBfQjZ2pdxThZvLUAafmZb8OAxFb8XXtiQmS35INgr85hdOGoEs124ez1FCnZJt6jau/T+alh58QFQ==}
    dev: false

  /locate-path@5.0.0:
    resolution: {integrity: sha512-t7hw9pI+WvuwNJXwk5zVHpyhIqzg2qTlklJOf0mVxGSbe3Fp2VieZcduNYjaLDoy6p9uGpQEGWG87WpMKlNq8g==}
    engines: {node: '>=8'}
    dependencies:
      p-locate: 4.1.0
    dev: false

  /lodash@4.17.21:
    resolution: {integrity: sha512-v2kDEe57lecTulaDIuNTPy3Ry4gLGJ6Z1O3vE1krgXZNrsQ+LFTGHVxVjcXPs17LhbZVGedAJv8XZ1tvj5FvSg==}
    dev: false

  /lru-queue@0.1.0:
    resolution: {integrity: sha512-BpdYkt9EvGl8OfWHDQPISVpcl5xZthb+XPsbELj5AQXxIC8IriDZIQYjBJPEm5rS420sjZ0TLEzRcq5KdBhYrQ==}
    dependencies:
      es5-ext: 0.10.64
    dev: false

  /memoizee@0.4.15:
    resolution: {integrity: sha512-UBWmJpLZd5STPm7PMUlOw/TSy972M+z8gcyQ5veOnSDRREz/0bmpyTfKt3/51DhEBqCZQn1udM/5flcSPYhkdQ==}
    dependencies:
      d: 1.0.1
      es5-ext: 0.10.64
      es6-weak-map: 2.0.3
      event-emitter: 0.3.5
      is-promise: 2.2.2
      lru-queue: 0.1.0
      next-tick: 1.1.0
      timers-ext: 0.1.7
    dev: false

  /minimatch@3.1.2:
    resolution: {integrity: sha512-J7p63hRiAjw1NDEww1W7i37+ByIrOWO5XQQAzZ3VOcL0PNybwpfmV/N05zFAzwQ9USyEcX6t3UO+K5aqBQOIHw==}
    requiresBuild: true
    dependencies:
      brace-expansion: 1.1.11
    dev: false
    optional: true

  /minimist@1.2.8:
    resolution: {integrity: sha512-2yyAR8qBkN3YuheJanUpWC5U3bb5osDywNB8RzDVlDwDHbocAJveqqj1u8+SVD7jkWT4yvsHCpWqqWqAxb0zCA==}
    requiresBuild: true
    dev: false
    optional: true

  /mkdirp@0.5.6:
    resolution: {integrity: sha512-FP+p8RB8OWpF3YZBCrP5gtADmtXApB5AMLn+vdyA+PyxCjrCs00mjyUozssO33cwDeT3wNGdLxJ5M//YqtHAJw==}
    hasBin: true
    requiresBuild: true
    dependencies:
      minimist: 1.2.8
    dev: false
    optional: true

  /moment@2.29.4:
    resolution: {integrity: sha512-5LC9SOxjSc2HF6vO2CyuTDNivEdoz2IvyJJGj6X8DJ0eFyfszE0QiEd+iXmBvUP3WHxSjFH/vIsA0EN00cgr8w==}
    dev: false

  /mv@2.1.1:
    resolution: {integrity: sha512-at/ZndSy3xEGJ8i0ygALh8ru9qy7gWW1cmkaqBN29JmMlIvM//MEO9y1sk/avxuwnPcfhkejkLsuPxH81BrkSg==}
    engines: {node: '>=0.8.0'}
    requiresBuild: true
    dependencies:
      mkdirp: 0.5.6
      ncp: 2.0.0
      rimraf: 2.4.5
    dev: false
    optional: true

  /nan@2.17.0:
    resolution: {integrity: sha512-2ZTgtl0nJsO0KQCjEpxcIr5D+Yv90plTitZt9JBfQvVJDS5seMl3FOvsh3+9CoYWXf/1l5OaZzzF6nDm4cagaQ==}
    requiresBuild: true
    dev: false
    optional: true

  /ncp@2.0.0:
    resolution: {integrity: sha512-zIdGUrPRFTUELUvr3Gmc7KZ2Sw/h1PiVM0Af/oHB6zgnV1ikqSfRk+TOufi79aHYCW3NiOXmr1BP5nWbzojLaA==}
    hasBin: true
    requiresBuild: true
    dev: false
    optional: true

  /next-tick@1.1.0:
    resolution: {integrity: sha512-CXdUiJembsNjuToQvxayPZF9Vqht7hewsvy2sOWafLvi2awflj9mOC6bHIg50orX8IJvWKY9wYQ/zB2kogPslQ==}
    dev: false

  /once@1.4.0:
    resolution: {integrity: sha512-lNaJgI+2Q5URQBkccEKHTQOPaXdUxnZZElQTZY0MFUAuaEqe1E+Nyvgdz/aIyNi6Z9MzO5dv1H8n58/GELp3+w==}
    requiresBuild: true
    dependencies:
      wrappy: 1.0.2
    dev: false
    optional: true

  /p-limit@2.3.0:
    resolution: {integrity: sha512-//88mFWSJx8lxCzwdAABTJL2MyWB12+eIY7MDL2SqLmAkeKU9qxRvWuSyTjm3FUmpBEMuFfckAIqEaVGUDxb6w==}
    engines: {node: '>=6'}
    dependencies:
      p-try: 2.2.0
    dev: false

  /p-locate@4.1.0:
    resolution: {integrity: sha512-R79ZZ/0wAxKGu3oYMlz8jy/kbhsNrS7SKZ7PxEHBgJ5+F2mtFW2fK2cOtBh1cHYkQsbzFV7I+EoRKe6Yt0oK7A==}
    engines: {node: '>=8'}
    dependencies:
      p-limit: 2.3.0
    dev: false

  /p-try@2.2.0:
    resolution: {integrity: sha512-R4nPAVTAU0B9D35/Gk3uJf/7XYbQcyohSKdvAxIRSNghFl4e71hVoGnBNQz9cWaXxO2I10KTC+3jMdvvoKw6dQ==}
    engines: {node: '>=6'}
    dev: false

  /path-exists@4.0.0:
    resolution: {integrity: sha512-ak9Qy5Q7jYb2Wwcey5Fpvg2KoAc/ZIhLSLOSBmRmygPsGwkVVt0fZa0qrtMz+m6tJTAHfZQ8FnmB4MG4LWy7/w==}
    engines: {node: '>=8'}
    dev: false

  /path-is-absolute@1.0.1:
    resolution: {integrity: sha512-AVbw3UJ2e9bq64vSaS9Am0fje1Pa8pbGqTTsmXfaIiMpnr5DlDhfJOuLj9Sf95ZPVDAUerDfEk88MPmPe7UCQg==}
    engines: {node: '>=0.10.0'}
    requiresBuild: true
    dev: false
    optional: true

  /require-directory@2.1.1:
    resolution: {integrity: sha512-fGxEI7+wsG9xrvdjsrlmL22OMTTiHRwAMroiEeMgq8gzoLC/PQr7RsRDSTLUg/bZAZtF+TVIkHc6/4RIKrui+Q==}
    engines: {node: '>=0.10.0'}
    dev: false

  /require-main-filename@2.0.0:
    resolution: {integrity: sha512-NKN5kMDylKuldxYLSUfrbo5Tuzh4hd+2E8NPPX02mZtn1VuREQToYe/ZdlJy+J3uCpfaiGF05e7B8W0iXbQHmg==}
    dev: false

  /rimraf@2.4.5:
    resolution: {integrity: sha512-J5xnxTyqaiw06JjMftq7L9ouA448dw/E7dKghkP9WpKNuwmARNNg+Gk8/u5ryb9N/Yo2+z3MCwuqFK/+qPOPfQ==}
    hasBin: true
    requiresBuild: true
    dependencies:
      glob: 6.0.4
    dev: false
    optional: true

  /safe-json-stringify@1.2.0:
    resolution: {integrity: sha512-gH8eh2nZudPQO6TytOvbxnuhYBOvDBBLW52tz5q6X58lJcd/tkmqFR+5Z9adS8aJtURSXWThWy/xJtJwixErvg==}
    requiresBuild: true
    dev: false
    optional: true

  /set-blocking@2.0.0:
    resolution: {integrity: sha512-KiKBS8AnWGEyLzofFfmvKwpdPzqiy16LvQfK3yv/fVH7Bj13/wl3JSR1J+rfgRE9q7xUJK4qvgS8raSOeLUehw==}
    dev: false

  /string-width@4.2.3:
    resolution: {integrity: sha512-wKyQRQpjJ0sIp62ErSZdGsjMJWsap5oRNihHhu6G7JVO/9jIB6UyevL+tXuOqrng8j/cxKTWyWUwvSTriiZz/g==}
    engines: {node: '>=8'}
    dependencies:
      emoji-regex: 8.0.0
      is-fullwidth-code-point: 3.0.0
      strip-ansi: 6.0.1
    dev: false

  /strip-ansi@6.0.1:
    resolution: {integrity: sha512-Y38VPSHcqkFrCpFnQ9vuSXmquuv5oXOKpGeT6aGrr3o3Gc9AlVa6JBfUSOCnbxGGZF+/0ooI7KrPuUSztUdU5A==}
    engines: {node: '>=8'}
    dependencies:
      ansi-regex: 5.0.1
    dev: false

  /timers-ext@0.1.7:
    resolution: {integrity: sha512-b85NUNzTSdodShTIbky6ZF02e8STtVVfD+fu4aXXShEELpozH+bCpJLYMPZbsABN2wDH7fJpqIoXxJpzbf0NqQ==}
    dependencies:
      es5-ext: 0.10.64
      next-tick: 1.1.0
    dev: false

  /type@1.2.0:
    resolution: {integrity: sha512-+5nt5AAniqsCnu2cEQQdpzCAh33kVx8n0VoFidKpB1dVVLAN/F+bgVOqOJqOnEnrhp222clB5p3vUlD+1QAnfg==}
    dev: false

  /type@2.7.2:
    resolution: {integrity: sha512-dzlvlNlt6AXU7EBSfpAscydQ7gXB+pPGsPnfJnZpiNJBDj7IaJzQlBZYGdEi4R9HmPdBv2XmWJ6YUtoTa7lmCw==}
    dev: false

  /uuid@3.4.0:
    resolution: {integrity: sha512-HjSDRw6gZE5JMggctHBcjVak08+KEVhSIiDzFnT9S9aegmp85S/bReBVTb4QTFaRNptJ9kuYaNhnbNEOkbKb/A==}
    deprecated: Please upgrade  to version 7 or higher.  Older versions may use Math.random() in certain circumstances, which is known to be problematic.  See https://v8.dev/blog/math-random for details.
    hasBin: true
    dev: false

  /uuid@9.0.1:
    resolution: {integrity: sha512-b+1eJOlsR9K8HJpow9Ok3fiWOWSIcIzXodvv0rQjVoOVNpWMpxf1wZNpt4y9h10odCNrqnYp1OBzRktckBe3sA==}
    hasBin: true
    dev: false

  /which-module@2.0.0:
    resolution: {integrity: sha512-B+enWhmw6cjfVC7kS8Pj9pCrKSc5txArRyaYGe088shv/FGWH+0Rjx/xPgtsWfsUtS27FkP697E4DDhgrgoc0Q==}
    dev: false

  /wrap-ansi@6.2.0:
    resolution: {integrity: sha512-r6lPcBGxZXlIcymEu7InxDMhdW0KDxpLgoFLcguasxCaJ/SOIZwINatK9KY/tf+ZrlywOKU0UDj3ATXUBfxJXA==}
    engines: {node: '>=8'}
    dependencies:
      ansi-styles: 4.3.0
      string-width: 4.2.3
      strip-ansi: 6.0.1
    dev: false

  /wrappy@1.0.2:
    resolution: {integrity: sha512-l4Sp/DRseor9wL6EvV2+TuQn63dMkPjZ/sp9XkghTEbV9KlPS1xUsZ3u7/IQO4wxtcFB4bgpQPRcR3QCvezPcQ==}
    requiresBuild: true
    dev: false
    optional: true

  /y18n@4.0.3:
    resolution: {integrity: sha512-JKhqTOwSrqNA1NY5lSztJ1GrBiUodLMmIZuLiDaMRJ+itFd+ABVE8XBjOvIWL+rSqNDC74LCSFmlb/U4UZ4hJQ==}
    dev: false

  /yargs-parser@18.1.3:
    resolution: {integrity: sha512-o50j0JeToy/4K6OZcaQmW6lyXXKhq7csREXcDwk2omFPJEwUNOVtJKvmDr9EI1fAJZUyZcRF7kxGBWmRXudrCQ==}
    engines: {node: '>=6'}
    dependencies:
      camelcase: 5.3.1
      decamelize: 1.2.0
    dev: false

  /yargs@15.4.1:
    resolution: {integrity: sha512-aePbxDmcYW++PaqBsJ+HYUFwCdv4LVvdnhBy78E57PIor8/OVvhMrADFFEDh8DHDFRv/O9i3lPhsENjO7QX0+A==}
    engines: {node: '>=8'}
    dependencies:
      cliui: 6.0.0
      decamelize: 1.2.0
      find-up: 4.1.0
      get-caller-file: 2.0.5
      require-directory: 2.1.1
      require-main-filename: 2.0.0
      set-blocking: 2.0.0
      string-width: 4.2.3
      which-module: 2.0.0
      y18n: 4.0.3
      yargs-parser: 18.1.3
    dev: false
